
Microsoft Visual Studio Solution File, Format Version 12.00
# Visual Studio Version 16
VisualStudioVersion = 16.0.30104.148
MinimumVisualStudioVersion = 10.0.40219.1
Project("{FAE04EC0-301F-11D3-BF4B-00C04F79EFBC}") = "media.benbarton.me", "media.benbarton.me\media.benbarton.me.csproj", "{8C3A9372-A884-4197-B3ED-71CBE4D99652}"
EndProject
Global
	GlobalSection(SolutionConfigurationPlatforms) = preSolution
		Debug|Any CPU = Debug|Any CPU
		Release|Any CPU = Release|Any CPU
	EndGlobalSection
	GlobalSection(ProjectConfigurationPlatforms) = postSolution
		{8C3A9372-A884-4197-B3ED-71CBE4D99652}.Debug|Any CPU.ActiveCfg = Debug|Any CPU
		{8C3A9372-A884-4197-B3ED-71CBE4D99652}.Debug|Any CPU.Build.0 = Debug|Any CPU
		{8C3A9372-A884-4197-B3ED-71CBE4D99652}.Release|Any CPU.ActiveCfg = Release|Any CPU
		{8C3A9372-A884-4197-B3ED-71CBE4D99652}.Release|Any CPU.Build.0 = Release|Any CPU
	EndGlobalSection
	GlobalSection(SolutionProperties) = preSolution
		HideSolutionNode = FALSE
	EndGlobalSection
	GlobalSection(ExtensibilityGlobals) = postSolution
		SolutionGuid = {2F707350-06D5-4791-92B5-7505BEBA0336}
	EndGlobalSection
EndGlobal
